# THIS IS AN AUTOGENERATED FILE. DO NOT EDIT THIS FILE DIRECTLY.
# yarn lockfile v1


"@types/node@^20.2.3":
  version "20.2.3"
  resolved "https://registry.yarnpkg.com/@types/node/-/node-20.2.3.tgz#b31eb300610c3835ac008d690de6f87e28f9b878"
  integrity sha512-pg9d0yC4rVNWQzX8U7xb4olIOFuuVL9za3bzMT2pu2SU0SNEi66i2qrvhE2qt0HvkhuCaWJu7pLNOt/Pj8BIrw==

"@vonage/accounts@^1.4.0":
  version "1.4.0"
  resolved "https://registry.yarnpkg.com/@vonage/accounts/-/accounts-1.4.0.tgz#aa8d45c4cca4f8ec757a3b83569fdd4afef5b369"
  integrity sha512-s+OVG3ykjIVBdT1UgA4hjCT27EdtE4LVtpjAT6wBE2H9RT/PLIIaFCbmELzjp7mD/xMaI3EB2LXx/jO4R0U74Q==
  dependencies:
    "@vonage/server-client" "^1.4.0"

"@vonage/applications@^1.4.0":
  version "1.4.0"
  resolved "https://registry.yarnpkg.com/@vonage/applications/-/applications-1.4.0.tgz#f92e361382c2ee4ad481e2835acf16aeca3081c1"
  integrity sha512-ZW9prB74gyzgLgIVw2p/jhuucrpP2xdLuY8XXicQe3GcVGnkgOkS0lr1iIrnFv0KAH8rDUSmImYiRZOClu/kMQ==
  dependencies:
    "@vonage/auth" "^1.3.0"
    "@vonage/server-client" "^1.4.0"
    "@vonage/vetch" "^1.3.0"

"@vonage/auth@^1.3.0":
  version "1.3.0"
  resolved "https://registry.yarnpkg.com/@vonage/auth/-/auth-1.3.0.tgz#e54e0b82cedf73e2420bc0b700c4802fd58c71dc"
  integrity sha512-PmMtTTOCEqJsOVwM/mlym1VLLfG+uQSlCOztTV/t+uIlDV1/B6CM1ZWea61C/xGHqS4M8sEYb3nz2N+6xdBTyA==
  dependencies:
    "@vonage/jwt" "^1.3.0"
    debug "^4.3.4"

"@vonage/jwt@^1.3.0":
  version "1.3.0"
  resolved "https://registry.yarnpkg.com/@vonage/jwt/-/jwt-1.3.0.tgz#0490ff3d4df820e7a2d909a13098024512076b80"
  integrity sha512-3nqMBODr8FNbpsErAtDNBYu86ScZzDmGPJruoMJb29Mjc6nVB8JAgRRMbbkeEs1voKSBsg6DOda9uHvGu+erLw==
  dependencies:
    debug "^4.3.4"
    jsonwebtoken "^9.0.0"
    uuid "^9.0.0"

"@vonage/messages@^1.4.0":
  version "1.4.0"
  resolved "https://registry.yarnpkg.com/@vonage/messages/-/messages-1.4.0.tgz#0ebcd0331d2facb8b3c564a3422092f1544810da"
  integrity sha512-KNJzEsxRZG6xCR9H9idHtedL9ARblyIpDeKoWGyz6bfYS3pDAZ+7FlXYnJN1Ty7Ysdy9S/zNgUKoTcq//kNR+A==
  dependencies:
    "@vonage/auth" "^1.3.0"
    "@vonage/server-client" "^1.4.0"
    debug "^4.3.4"

"@vonage/number-insights@^1.4.0":
  version "1.4.0"
  resolved "https://registry.yarnpkg.com/@vonage/number-insights/-/number-insights-1.4.0.tgz#ee3836e0dfd96d5184c0fe80f983a64f4af268f3"
  integrity sha512-cBD2n3BRBkF+L9OPfPTw15JWRJbIcfk2DzYgqEHMsdeJ3G0pKI3SdRiU/3WjRJFV/w+VQKOq25UEhobLPccHjQ==
  dependencies:
    "@vonage/auth" "^1.3.0"
    "@vonage/server-client" "^1.4.0"
    "@vonage/vetch" "^1.3.0"

"@vonage/numbers@^1.4.0":
  version "1.4.0"
  resolved "https://registry.yarnpkg.com/@vonage/numbers/-/numbers-1.4.0.tgz#cbf8f682a45f974b4f4768266357dd5b73c15be5"
  integrity sha512-OT6diI52z7y1y8RDYEB9E2DixkC7AS/HCuQCRLPFb2WW8FIVg7qEimlZ3GhNwAV6PiJnlZO8/iosXq03yt5r1g==
  dependencies:
    "@vonage/auth" "^1.3.0"
    "@vonage/server-client" "^1.4.0"
    "@vonage/vetch" "^1.3.0"
    lodash.omit "^4.5.0"

"@vonage/pricing@^1.4.0":
  version "1.4.0"
  resolved "https://registry.yarnpkg.com/@vonage/pricing/-/pricing-1.4.0.tgz#0b9fb010c447286d7b5a38dc7f95b69b6066168a"
  integrity sha512-Ryl5zFyY/VAaRuoYBX2IlfWR5sIYymWH7Ff5SUCbHKYQrEruLS5X6RmPJoIT+ISZay88mJfwlKcbIi83OExXEw==
  dependencies:
    "@vonage/auth" "^1.3.0"
    "@vonage/server-client" "^1.4.0"
    "@vonage/vetch" "^1.3.0"

"@vonage/redact@^1.3.0":
  version "1.3.0"
  resolved "https://registry.yarnpkg.com/@vonage/redact/-/redact-1.3.0.tgz#24447bae62e8af8fcc26abfdf1092c483bafaef3"
  integrity sha512-2luBrdmUPvuzjBMI67DSGgJpwrwgR2dW2QthjNqBN/SeykQNSJXYPOZ4BO9ZGG8hzEUgY+PgkjGaYehFE5W9Jg==
  dependencies:
    "@vonage/server-client" "^1.4.0"

"@vonage/server-client@^1.4.0":
  version "1.4.0"
  resolved "https://registry.yarnpkg.com/@vonage/server-client/-/server-client-1.4.0.tgz#e3d2ec72d3b67df964fb84d33dc9631f2f9e56cd"
  integrity sha512-AcoW/YAzJKAfraNm2OFRaGb975k75d99YP1qFjBXf8mtiWdkMOCYlDfEX96qX9eLidgSNi+rs4OsieFiXgAnZQ==
  dependencies:
    "@vonage/auth" "^1.3.0"
    "@vonage/vetch" "^1.3.0"
    debug "^4.3.4"
    lodash.camelcase "^4.3.0"
    lodash.isobject "3.0.2"
    lodash.kebabcase "^4.1.1"
    lodash.partial "^4.2.1"
    lodash.snakecase "^4.1.1"

"@vonage/server-sdk@^3.4.0":
  version "3.4.0"
  resolved "https://registry.yarnpkg.com/@vonage/server-sdk/-/server-sdk-3.4.0.tgz#c129d7222d98b05afe528843fb8527cff1800fd9"
  integrity sha512-Lhg9hsc9u2Hv3gLijfw3cVMJkAs93hFKOpkB5lSqYVNJg/2se9FIT7uAL/bnAkJx0Dn6Y7IA+YBTbzPDB4uBlw==
  dependencies:
    "@vonage/accounts" "^1.4.0"
    "@vonage/applications" "^1.4.0"
    "@vonage/auth" "^1.3.0"
    "@vonage/messages" "^1.4.0"
    "@vonage/number-insights" "^1.4.0"
    "@vonage/numbers" "^1.4.0"
    "@vonage/pricing" "^1.4.0"
    "@vonage/redact" "^1.3.0"
    "@vonage/server-client" "^1.4.0"
    "@vonage/sms" "^1.4.0"
    "@vonage/verify" "^1.4.0"
    "@vonage/voice" "^1.4.0"

"@vonage/sms@^1.4.0":
  version "1.4.0"
  resolved "https://registry.yarnpkg.com/@vonage/sms/-/sms-1.4.0.tgz#1f9b1f451ae5023cb70c091f939183e7995a5936"
  integrity sha512-MVZfB9fN7s+51/SON/EP5xne20NHW8J1YD+HxJ22C2M1fV7I4L8fIgMPUYk7x6/2a9qrjZM+vC4N9lyYVJZ+Zw==
  dependencies:
    "@vonage/server-client" "^1.4.0"
    debug "^4.3.4"

"@vonage/verify@^1.4.0":
  version "1.4.0"
  resolved "https://registry.yarnpkg.com/@vonage/verify/-/verify-1.4.0.tgz#f1a6d4f25b1944c40131b711272d7cd1265cd2e0"
  integrity sha512-cZZKl3IZUUcBnBSracHudM8jg9ckcWmTMEVB73WDiEFiJRnjHsVe1dzsJhes1NKtRGH5XfGEhewMnc4M0PqCNQ==
  dependencies:
    "@vonage/auth" "^1.3.0"
    "@vonage/server-client" "^1.4.0"
    "@vonage/vetch" "^1.3.0"
    lodash.omit "^4.5.0"

"@vonage/vetch@^1.3.0":
  version "1.3.0"
  resolved "https://registry.yarnpkg.com/@vonage/vetch/-/vetch-1.3.0.tgz#cd5867f2f202cbf6f0eaac0a3aca9f8d8022bdbe"
  integrity sha512-yyqf8DtE1/vZoDTzTsDf6HOcGYCXjYN2+USKKeCmxyl1Peyl6zn3mac5wdB0VoBGUFXDbA96uCkMG8k7JNovYQ==
  dependencies:
    debug "^4.3.4"
    lodash.merge "^4.6.2"
    node-fetch "^2.6"

"@vonage/voice@^1.4.0":
  version "1.4.0"
  resolved "https://registry.yarnpkg.com/@vonage/voice/-/voice-1.4.0.tgz#cac12a6270bbde531033034d56041069bce906d1"
  integrity sha512-FrmO+ZkGtYqn9Pa8vuna/w5Spc8XwTP13JynXNeHwsXM/kJe3FeImadIpF+NN86kfaj1GiFlBgw7t52RrclIEA==
  dependencies:
    "@vonage/auth" "^1.3.0"
    "@vonage/server-client" "^1.4.0"
    "@vonage/vetch" "^1.3.0"

buffer-equal-constant-time@1.0.1:
  version "1.0.1"
  resolved "https://registry.yarnpkg.com/buffer-equal-constant-time/-/buffer-equal-constant-time-1.0.1.tgz#f8e71132f7ffe6e01a5c9697a4c6f3e48d5cc819"
  integrity sha512-zRpUiDwd/xk6ADqPMATG8vc9VPrkck7T07OIx0gnjmJAnHnTVXNQG3vfvWNuiZIkwu9KrKdA1iJKfsfTVxE6NA==

debug@^4.3.4:
  version "4.3.4"
  resolved "https://registry.yarnpkg.com/debug/-/debug-4.3.4.tgz#1319f6579357f2338d3337d2cdd4914bb5dcc865"
  integrity sha512-PRWFHuSU3eDtQJPvnNY7Jcket1j0t5OuOsFzPPzsekD52Zl8qUfFIPEiswXqIvHWGVHOgX+7G/vCNNhehwxfkQ==
  dependencies:
    ms "2.1.2"

dotenv@^16.0.3:
  version "16.0.3"
  resolved "https://registry.yarnpkg.com/dotenv/-/dotenv-16.0.3.tgz#115aec42bac5053db3c456db30cc243a5a836a07"
  integrity sha512-7GO6HghkA5fYG9TYnNxi14/7K9f5occMlp3zXAuSxn7CKCxt9xbNWG7yF8hTCSUchlfWSe3uLmlPfigevRItzQ==

ecdsa-sig-formatter@1.0.11:
  version "1.0.11"
  resolved "https://registry.yarnpkg.com/ecdsa-sig-formatter/-/ecdsa-sig-formatter-1.0.11.tgz#ae0f0fa2d85045ef14a817daa3ce9acd0489e5bf"
  integrity sha512-nagl3RYrbNv6kQkeJIpt6NJZy8twLB/2vtz6yN9Z4vRKHN4/QZJIEbqohALSgwKdnksuY3k5Addp5lg8sVoVcQ==
  dependencies:
    safe-buffer "^5.0.1"

jsonwebtoken@^9.0.0:
  version "9.0.0"
  resolved "https://registry.yarnpkg.com/jsonwebtoken/-/jsonwebtoken-9.0.0.tgz#d0faf9ba1cc3a56255fe49c0961a67e520c1926d"
  integrity sha512-tuGfYXxkQGDPnLJ7SibiQgVgeDgfbPq2k2ICcbgqW8WxWLBAxKQM/ZCu/IT8SOSwmaYl4dpTFCW5xZv7YbbWUw==
  dependencies:
    jws "^3.2.2"
    lodash "^4.17.21"
    ms "^2.1.1"
    semver "^7.3.8"

jwa@^1.4.1:
  version "1.4.1"
  resolved "https://registry.yarnpkg.com/jwa/-/jwa-1.4.1.tgz#743c32985cb9e98655530d53641b66c8645b039a"
  integrity sha512-qiLX/xhEEFKUAJ6FiBMbes3w9ATzyk5W7Hvzpa/SLYdxNtng+gcurvrI7TbACjIXlsJyr05/S1oUhZrc63evQA==
  dependencies:
    buffer-equal-constant-time "1.0.1"
    ecdsa-sig-formatter "1.0.11"
    safe-buffer "^5.0.1"

jws@^3.2.2:
  version "3.2.2"
  resolved "https://registry.yarnpkg.com/jws/-/jws-3.2.2.tgz#001099f3639468c9414000e99995fa52fb478304"
  integrity sha512-YHlZCB6lMTllWDtSPHz/ZXTsi8S00usEV6v1tjq8tOUZzw7DpSDWVXjXDre6ed1w/pd495ODpHZYSdkRTsa0HA==
  dependencies:
    jwa "^1.4.1"
    safe-buffer "^5.0.1"

lodash.camelcase@^4.3.0:
  version "4.3.0"
  resolved "https://registry.yarnpkg.com/lodash.camelcase/-/lodash.camelcase-4.3.0.tgz#b28aa6288a2b9fc651035c7711f65ab6190331a6"
  integrity sha512-TwuEnCnxbc3rAvhf/LbG7tJUDzhqXyFnv3dtzLOPgCG/hODL7WFnsbwktkD7yUV0RrreP/l1PALq/YSg6VvjlA==

lodash.isobject@3.0.2:
  version "3.0.2"
  resolved "https://registry.yarnpkg.com/lodash.isobject/-/lodash.isobject-3.0.2.tgz#3c8fb8d5b5bf4bf90ae06e14f2a530a4ed935e1d"
  integrity sha512-3/Qptq2vr7WeJbB4KHUSKlq8Pl7ASXi3UG6CMbBm8WRtXi8+GHm7mKaU3urfpSEzWe2wCIChs6/sdocUsTKJiA==

lodash.kebabcase@^4.1.1:
  version "4.1.1"
  resolved "https://registry.yarnpkg.com/lodash.kebabcase/-/lodash.kebabcase-4.1.1.tgz#8489b1cb0d29ff88195cceca448ff6d6cc295c36"
  integrity sha512-N8XRTIMMqqDgSy4VLKPnJ/+hpGZN+PHQiJnSenYqPaVV/NCqEogTnAdZLQiGKhxX+JCs8waWq2t1XHWKOmlY8g==

lodash.merge@^4.6.2:
  version "4.6.2"
  resolved "https://registry.yarnpkg.com/lodash.merge/-/lodash.merge-4.6.2.tgz#558aa53b43b661e1925a0afdfa36a9a1085fe57a"
  integrity sha512-0KpjqXRVvrYyCsX1swR/XTK0va6VQkQM6MNo7PqW77ByjAhoARA8EfrP1N4+KlKj8YS0ZUCtRT/YUuhyYDujIQ==

lodash.omit@^4.5.0:
  version "4.5.0"
  resolved "https://registry.yarnpkg.com/lodash.omit/-/lodash.omit-4.5.0.tgz#6eb19ae5a1ee1dd9df0b969e66ce0b7fa30b5e60"
  integrity sha512-XeqSp49hNGmlkj2EJlfrQFIzQ6lXdNro9sddtQzcJY8QaoC2GO0DT7xaIokHeyM+mIT0mPMlPvkYzg2xCuHdZg==

lodash.partial@^4.2.1:
  version "4.2.1"
  resolved "https://registry.yarnpkg.com/lodash.partial/-/lodash.partial-4.2.1.tgz#49f3d8cfdaa3bff8b3a91d127e923245418961d4"
  integrity sha512-qsiGr0kiA31O7chhmKSUiEGtxXnYtwmaJF00TPAUW79C5PCfaVeLTUN3sLT+rEPcqZooPtiFcGhnphQzFhkqmg==

lodash.snakecase@^4.1.1:
  version "4.1.1"
  resolved "https://registry.yarnpkg.com/lodash.snakecase/-/lodash.snakecase-4.1.1.tgz#39d714a35357147837aefd64b5dcbb16becd8f8d"
  integrity sha512-QZ1d4xoBHYUeuouhEq3lk3Uq7ldgyFXGBhg04+oRLnIz8o9T65Eh+8YdroUwn846zchkA9yDsDl5CVVaV2nqYw==

lodash@^4.17.21:
  version "4.17.21"
  resolved "https://registry.yarnpkg.com/lodash/-/lodash-4.17.21.tgz#679591c564c3bffaae8454cf0b3df370c3d6911c"
  integrity sha512-v2kDEe57lecTulaDIuNTPy3Ry4gLGJ6Z1O3vE1krgXZNrsQ+LFTGHVxVjcXPs17LhbZVGedAJv8XZ1tvj5FvSg==

lru-cache@^6.0.0:
  version "6.0.0"
  resolved "https://registry.yarnpkg.com/lru-cache/-/lru-cache-6.0.0.tgz#6d6fe6570ebd96aaf90fcad1dafa3b2566db3a94"
  integrity sha512-Jo6dJ04CmSjuznwJSS3pUeWmd/H0ffTlkXXgwZi+eq1UCmqQwCh+eLsYOYCwY991i2Fah4h1BEMCx4qThGbsiA==
  dependencies:
    yallist "^4.0.0"

ms@2.1.2:
  version "2.1.2"
  resolved "https://registry.yarnpkg.com/ms/-/ms-2.1.2.tgz#d09d1f357b443f493382a8eb3ccd183872ae6009"
  integrity sha512-sGkPx+VjMtmA6MX27oA4FBFELFCZZ4S4XqeGOXCv68tT+jb3vk/RyaKWP0PTKyWtmLSM0b+adUTEvbs1PEaH2w==

ms@^2.1.1:
  version "2.1.3"
  resolved "https://registry.yarnpkg.com/ms/-/ms-2.1.3.tgz#574c8138ce1d2b5861f0b44579dbadd60c6615b2"
  integrity sha512-6FlzubTLZG3J2a/NVCAleEhjzq5oxgHyaCU9yYXvcLsvoVaHJq/s5xXI6/XXP6tz7R9xAOtHnSO/tXtF3WRTlA==

node-fetch@^2.6:
  version "2.6.11"
  resolved "https://registry.yarnpkg.com/node-fetch/-/node-fetch-2.6.11.tgz#cde7fc71deef3131ef80a738919f999e6edfff25"
  integrity sha512-4I6pdBY1EthSqDmJkiNk3JIT8cswwR9nfeW/cPdUagJYEQG7R95WRH74wpz7ma8Gh/9dI9FP+OU+0E4FvtA55w==
  dependencies:
    whatwg-url "^5.0.0"

safe-buffer@^5.0.1:
  version "5.2.1"
  resolved "https://registry.yarnpkg.com/safe-buffer/-/safe-buffer-5.2.1.tgz#1eaf9fa9bdb1fdd4ec75f58f9cdb4e6b7827eec6"
  integrity sha512-rp3So07KcdmmKbGvgaNxQSJr7bGVSVk5S9Eq1F+ppbRo70+YeaDxkw5Dd8NPN+GD6bjnYm2VuPuCXmpuYvmCXQ==

semver@^7.3.8:
  version "7.5.1"
  resolved "https://registry.yarnpkg.com/semver/-/semver-7.5.1.tgz#c90c4d631cf74720e46b21c1d37ea07edfab91ec"
  integrity sha512-Wvss5ivl8TMRZXXESstBA4uR5iXgEN/VC5/sOcuXdVLzcdkz4HWetIoRfG5gb5X+ij/G9rw9YoGn3QoQ8OCSpw==
  dependencies:
    lru-cache "^6.0.0"

tr46@~0.0.3:
  version "0.0.3"
  resolved "https://registry.yarnpkg.com/tr46/-/tr46-0.0.3.tgz#8184fd347dac9cdc185992f3a6622e14b9d9ab6a"
  integrity sha512-N3WMsuqV66lT30CrXNbEjx4GEwlow3v6rr4mCcv6prnfwhS01rkgyFdjPNBYd9br7LpXV1+Emh01fHnq2Gdgrw==

typescript@^5.0.4:
  version "5.0.4"
  resolved "https://registry.yarnpkg.com/typescript/-/typescript-5.0.4.tgz#b217fd20119bd61a94d4011274e0ab369058da3b"
  integrity sha512-cW9T5W9xY37cc+jfEnaUvX91foxtHkza3Nw3wkoF4sSlKn0MONdkdEndig/qPBWXNkmplh3NzayQzCiHM4/hqw==

uuid@^9.0.0:
  version "9.0.0"
  resolved "https://registry.yarnpkg.com/uuid/-/uuid-9.0.0.tgz#592f550650024a38ceb0c562f2f6aa435761efb5"
  integrity sha512-MXcSTerfPa4uqyzStbRoTgt5XIe3x5+42+q1sDuy3R5MDk66URdLMOZe5aPX/SQd+kuYAh0FdP/pO28IkQyTeg==

webidl-conversions@^3.0.0:
  version "3.0.1"
  resolved "https://registry.yarnpkg.com/webidl-conversions/-/webidl-conversions-3.0.1.tgz#24534275e2a7bc6be7bc86611cc16ae0a5654871"
  integrity sha512-2JAn3z8AR6rjK8Sm8orRC0h/bcl/DqL7tRPdGZ4I1CjdF+EaMLmYxBHyXuKL849eucPFhvBoxMsflfOb8kxaeQ==

whatwg-url@^5.0.0:
  version "5.0.0"
  resolved "https://registry.yarnpkg.com/whatwg-url/-/whatwg-url-5.0.0.tgz#966454e8765462e37644d3626f6742ce8b70965d"
  integrity sha512-saE57nupxk6v3HY35+jzBwYa0rKSy0XR8JSxZPwgLr7ys0IBzhGviA1/TUGJLmSVqs8pb9AnvICXEuOHLprYTw==
  dependencies:
    tr46 "~0.0.3"
    webidl-conversions "^3.0.0"

yallist@^4.0.0:
  version "4.0.0"
  resolved "https://registry.yarnpkg.com/yallist/-/yallist-4.0.0.tgz#9bb92790d9c0effec63be73519e11a35019a3a72"
  integrity sha512-3wdGidZyq5PB084XLES5TpOSRA3wjXAlIWMhum2kRcv/41Sn2emQ0dycQW4uZXLejwKvg6EsvbdlVL+FYEct7A==
